
Microsoft Visual Studio Solution File, Format Version 12.00
# Visual Studio Version 17
VisualStudioVersion = 17.3.32825.248
MinimumVisualStudioVersion = 10.0.40219.1
Project("{FAE04EC0-301F-11D3-BF4B-00C04F79EFBC}") = "TesteIMC", "TesteIMC\TesteIMC.csproj", "{D5539EAC-8822-499D-BDCC-046475D8C2EA}"
EndProject
Project("{FAE04EC0-301F-11D3-BF4B-00C04F79EFBC}") = "TestarIMC", "TestarIMC\TestarIMC.csproj", "{42C17BF4-7A04-42CE-82F6-F5DBD2663CBF}"
EndProject
Project("{FAE04EC0-301F-11D3-BF4B-00C04F79EFBC}") = "TestIMCXunit", "TestIMCXunit\TestIMCXunit.csproj", "{B13E124D-78A1-4730-B8FA-072F0279E5C2}"
EndProject
Global
	GlobalSection(SolutionConfigurationPlatforms) = preSolution
		Debug|Any CPU = Debug|Any CPU
		Release|Any CPU = Release|Any CPU
	EndGlobalSection
	GlobalSection(ProjectConfigurationPlatforms) = postSolution
		{D5539EAC-8822-499D-BDCC-046475D8C2EA}.Debug|Any CPU.ActiveCfg = Debug|Any CPU
		{D5539EAC-8822-499D-BDCC-046475D8C2EA}.Debug|Any CPU.Build.0 = Debug|Any CPU
		{D5539EAC-8822-499D-BDCC-046475D8C2EA}.Release|Any CPU.ActiveCfg = Release|Any CPU
		{D5539EAC-8822-499D-BDCC-046475D8C2EA}.Release|Any CPU.Build.0 = Release|Any CPU
		{42C17BF4-7A04-42CE-82F6-F5DBD2663CBF}.Debug|Any CPU.ActiveCfg = Debug|Any CPU
		{42C17BF4-7A04-42CE-82F6-F5DBD2663CBF}.Debug|Any CPU.Build.0 = Debug|Any CPU
		{42C17BF4-7A04-42CE-82F6-F5DBD2663CBF}.Release|Any CPU.ActiveCfg = Release|Any CPU
		{42C17BF4-7A04-42CE-82F6-F5DBD2663CBF}.Release|Any CPU.Build.0 = Release|Any CPU
		{B13E124D-78A1-4730-B8FA-072F0279E5C2}.Debug|Any CPU.ActiveCfg = Debug|Any CPU
		{B13E124D-78A1-4730-B8FA-072F0279E5C2}.Debug|Any CPU.Build.0 = Debug|Any CPU
		{B13E124D-78A1-4730-B8FA-072F0279E5C2}.Release|Any CPU.ActiveCfg = Release|Any CPU
		{B13E124D-78A1-4730-B8FA-072F0279E5C2}.Release|Any CPU.Build.0 = Release|Any CPU
	EndGlobalSection
	GlobalSection(SolutionProperties) = preSolution
		HideSolutionNode = FALSE
	EndGlobalSection
	GlobalSection(ExtensibilityGlobals) = postSolution
		SolutionGuid = {CC979D0B-ADDD-4845-8C77-4DF41F53FC14}
	EndGlobalSection
EndGlobal
